
Microsoft Visual Studio Solution File, Format Version 12.00
# Visual Studio Version 17
VisualStudioVersion = 17.10.35004.147
MinimumVisualStudioVersion = 10.0.40219.1
Project("{9A19103F-16F7-4668-BE54-9A1E7A4F7556}") = "BulkyWeb", "BulkyWeb\BulkyWeb.csproj", "{E7E39AD2-EE1F-48EC-B861-004B861078AF}"
EndProject
Project("{9A19103F-16F7-4668-BE54-9A1E7A4F7556}") = "BulkyWebRazor_Temp", "BulkyWebRazor_Temp\BulkyWebRazor_Temp.csproj", "{65A497BF-F6FB-42C1-B0C6-BF5333361387}"
EndProject
Global
	GlobalSection(SolutionConfigurationPlatforms) = preSolution
		Debug|Any CPU = Debug|Any CPU
		Release|Any CPU = Release|Any CPU
	EndGlobalSection
	GlobalSection(ProjectConfigurationPlatforms) = postSolution
		{E7E39AD2-EE1F-48EC-B861-004B861078AF}.Debug|Any CPU.ActiveCfg = Debug|Any CPU
		{E7E39AD2-EE1F-48EC-B861-004B861078AF}.Debug|Any CPU.Build.0 = Debug|Any CPU
		{E7E39AD2-EE1F-48EC-B861-004B861078AF}.Release|Any CPU.ActiveCfg = Release|Any CPU
		{E7E39AD2-EE1F-48EC-B861-004B861078AF}.Release|Any CPU.Build.0 = Release|Any CPU
		{65A497BF-F6FB-42C1-B0C6-BF5333361387}.Debug|Any CPU.ActiveCfg = Debug|Any CPU
		{65A497BF-F6FB-42C1-B0C6-BF5333361387}.Debug|Any CPU.Build.0 = Debug|Any CPU
		{65A497BF-F6FB-42C1-B0C6-BF5333361387}.Release|Any CPU.ActiveCfg = Release|Any CPU
		{65A497BF-F6FB-42C1-B0C6-BF5333361387}.Release|Any CPU.Build.0 = Release|Any CPU
	EndGlobalSection
	GlobalSection(SolutionProperties) = preSolution
		HideSolutionNode = FALSE
	EndGlobalSection
	GlobalSection(ExtensibilityGlobals) = postSolution
		SolutionGuid = {14C5891A-271D-49F3-8583-B25FE9FDA544}
	EndGlobalSection
EndGlobal
